{
  "name": "kaspa-pof-api-roulette-poc",
  "version": "0.1.0",
  "lockfileVersion": 3,
  "requires": true,
  "packages": {
    "": {
      "name": "kaspa-pof-api-roulette-poc",
      "version": "0.1.0",
      "dependencies": {
        "kaspa-pof-api": "0.1.0-alpha.1"
      }
    },
    "node_modules/kaspa-pof-api": {
      "version": "0.1.0-alpha.1",
      "resolved": "https://registry.npmjs.org/kaspa-pof-api/-/kaspa-pof-api-0.1.0-alpha.1.tgz",
      "integrity": "sha512-Z+gKFHIUYaV970M4TwEjYmrwU+4t8kegY8LvVbOZro5k1052RgRKgxx5ZloPVQpGWPVGvMwHpe4SEu7ONnKTeA==",
      "license": "MIT",
      "engines": {
        "node": ">=20"
      }
    }
  }
}
